
Microsoft Visual Studio Solution File, Format Version 12.00
# Visual Studio Version 17
VisualStudioVersion = 17.7.34003.232
MinimumVisualStudioVersion = 10.0.40219.1
Project("{FAE04EC0-301F-11D3-BF4B-00C04F79EFBC}") = "ProductApps", "ProductApps\ProductApps.csproj", "{46FA31E3-20AC-4055-A0DC-87855C4DDD51}"
EndProject
Global
	GlobalSection(SolutionConfigurationPlatforms) = preSolution
		Debug|Any CPU = Debug|Any CPU
		Release|Any CPU = Release|Any CPU
	EndGlobalSection
	GlobalSection(ProjectConfigurationPlatforms) = postSolution
		{46FA31E3-20AC-4055-A0DC-87855C4DDD51}.Debug|Any CPU.ActiveCfg = Debug|Any CPU
		{46FA31E3-20AC-4055-A0DC-87855C4DDD51}.Debug|Any CPU.Build.0 = Debug|Any CPU
		{46FA31E3-20AC-4055-A0DC-87855C4DDD51}.Release|Any CPU.ActiveCfg = Release|Any CPU
		{46FA31E3-20AC-4055-A0DC-87855C4DDD51}.Release|Any CPU.Build.0 = Release|Any CPU
	EndGlobalSection
	GlobalSection(SolutionProperties) = preSolution
		HideSolutionNode = FALSE
	EndGlobalSection
	GlobalSection(ExtensibilityGlobals) = postSolution
		SolutionGuid = {87222E9E-7B2D-4E0B-AB12-CCD69E7C8D3B}
	EndGlobalSection
EndGlobal
